// !$*UTF8*$!
{
	archiveVersion = 1;
	classes = {
	};
	objectVersion = 55;
	objects = {

/* Begin PBXBuildFile section */
		2B5667C7289E6419006F00B0 /* AppDelegate.m in Sources */ = {isa = PBXBuildFile; fileRef = 2B5667C6289E6419006F00B0 /* AppDelegate.m */; };
		2B5667CA289E6419006F00B0 /* SceneDelegate.m in Sources */ = {isa = PBXBuildFile; fileRef = 2B5667C9289E6419006F00B0 /* SceneDelegate.m */; };
		2B5667CD289E6419006F00B0 /* ViewController.m in Sources */ = {isa = PBXBuildFile; fileRef = 2B5667CC289E6419006F00B0 /* ViewController.m */; };
		2B5667D0289E6419006F00B0 /* Main.storyboard in Resources */ = {isa = PBXBuildFile; fileRef = 2B5667CE289E6419006F00B0 /* Main.storyboard */; };
		2B5667D2289E641B006F00B0 /* Assets.xcassets in Resources */ = {isa = PBXBuildFile; fileRef = 2B5667D1289E641B006F00B0 /* Assets.xcassets */; };
		2B5667D5289E641B006F00B0 /* LaunchScreen.storyboard in Resources */ = {isa = PBXBuildFile; fileRef = 2B5667D3289E641B006F00B0 /* LaunchScreen.storyboard */; };
		2B5667D8289E641B006F00B0 /* main.m in Sources */ = {isa = PBXBuildFile; fileRef = 2B5667D7289E641B006F00B0 /* main.m */; };
		2B5667E2289E641B006F00B0 /* YHZAVToolBoxDemoTests.m in Sources */ = {isa = PBXBuildFile; fileRef = 2B5667E1289E641B006F00B0 /* YHZAVToolBoxDemoTests.m */; };
		2B5667EC289E641B006F00B0 /* YHZAVToolBoxDemoUITests.m in Sources */ = {isa = PBXBuildFile; fileRef = 2B5667EB289E641B006F00B0 /* YHZAVToolBoxDemoUITests.m */; };
		2B5667EE289E641B006F00B0 /* YHZAVToolBoxDemoUITestsLaunchTests.m in Sources */ = {isa = PBXBuildFile; fileRef = 2B5667ED289E641B006F00B0 /* YHZAVToolBoxDemoUITestsLaunchTests.m */; };
		2B5667FC289E6534006F00B0 /* YHZAVEncoder.m in Sources */ = {isa = PBXBuildFile; fileRef = 2B5667FB289E6534006F00B0 /* YHZAVEncoder.m */; };
		2B5667FF289E6606006F00B0 /* AVFoundation.framework in Frameworks */ = {isa = PBXBuildFile; fileRef = 2B5667FE289E6606006F00B0 /* AVFoundation.framework */; };
		2B566801289E6646006F00B0 /* VideoToolbox.framework in Frameworks */ = {isa = PBXBuildFile; fileRef = 2B566800289E6646006F00B0 /* VideoToolbox.framework */; };
		2BE6F0BB289FCE9000250392 /* CustomCameraHelper.m in Sources */ = {isa = PBXBuildFile; fileRef = 2BE6F0B4289FCE9000250392 /* CustomCameraHelper.m */; };
		2BE6F0BC289FCE9000250392 /* CustomCameraFrameRender.m in Sources */ = {isa = PBXBuildFile; fileRef = 2BE6F0B8289FCE9000250392 /* CustomCameraFrameRender.m */; };
		2BE6F0BD289FCE9000250392 /* AVCamPreviewView.m in Sources */ = {isa = PBXBuildFile; fileRef = 2BE6F0B9289FCE9000250392 /* AVCamPreviewView.m */; };
/* End PBXBuildFile section */

/* Begin PBXContainerItemProxy section */
		2B5667DE289E641B006F00B0 /* PBXContainerItemProxy */ = {
			isa = PBXContainerItemProxy;
			containerPortal = 2B5667BA289E6419006F00B0 /* Project object */;
			proxyType = 1;
			remoteGlobalIDString = 2B5667C1289E6419006F00B0;
			remoteInfo = YHZAVToolBoxDemo;
		};
		2B5667E8289E641B006F00B0 /* PBXContainerItemProxy */ = {
			isa = PBXContainerItemProxy;
			containerPortal = 2B5667BA289E6419006F00B0 /* Project object */;
			proxyType = 1;
			remoteGlobalIDString = 2B5667C1289E6419006F00B0;
			remoteInfo = YHZAVToolBoxDemo;
		};
/* End PBXContainerItemProxy section */

/* Begin PBXFileReference section */
		2B5667C2289E6419006F00B0 /* YHZAVToolBoxDemo.app */ = {isa = PBXFileReference; explicitFileType = wrapper.application; includeInIndex = 0; path = YHZAVToolBoxDemo.app; sourceTree = BUILT_PRODUCTS_DIR; };
		2B5667C5289E6419006F00B0 /* AppDelegate.h */ = {isa = PBXFileReference; lastKnownFileType = sourcecode.c.h; path = AppDelegate.h; sourceTree = "<group>"; };
		2B5667C6289E6419006F00B0 /* AppDelegate.m */ = {isa = PBXFileReference; lastKnownFileType = sourcecode.c.objc; path = AppDelegate.m; sourceTree = "<group>"; };
		2B5667C8289E6419006F00B0 /* SceneDelegate.h */ = {isa = PBXFileReference; lastKnownFileType = sourcecode.c.h; path = SceneDelegate.h; sourceTree = "<group>"; };
		2B5667C9289E6419006F00B0 /* SceneDelegate.m */ = {isa = PBXFileReference; lastKnownFileType = sourcecode.c.objc; path = SceneDelegate.m; sourceTree = "<group>"; };
		2B5667CB289E6419006F00B0 /* ViewController.h */ = {isa = PBXFileReference; lastKnownFileType = sourcecode.c.h; path = ViewController.h; sourceTree = "<group>"; };
		2B5667CC289E6419006F00B0 /* ViewController.m */ = {isa = PBXFileReference; lastKnownFileType = sourcecode.c.objc; path = ViewController.m; sourceTree = "<group>"; };
		2B5667CF289E6419006F00B0 /* Base */ = {isa = PBXFileReference; lastKnownFileType = file.storyboard; name = Base; path = Base.lproj/Main.storyboard; sourceTree = "<group>"; };
		2B5667D1289E641B006F00B0 /* Assets.xcassets */ = {isa = PBXFileReference; lastKnownFileType = folder.assetcatalog; path = Assets.xcassets; sourceTree = "<group>"; };
		2B5667D4289E641B006F00B0 /* Base */ = {isa = PBXFileReference; lastKnownFileType = file.storyboard; name = Base; path = Base.lproj/LaunchScreen.storyboard; sourceTree = "<group>"; };
		2B5667D6289E641B006F00B0 /* Info.plist */ = {isa = PBXFileReference; lastKnownFileType = text.plist.xml; path = Info.plist; sourceTree = "<group>"; };
		2B5667D7289E641B006F00B0 /* main.m */ = {isa = PBXFileReference; lastKnownFileType = sourcecode.c.objc; path = main.m; sourceTree = "<group>"; };
		2B5667DD289E641B006F00B0 /* YHZAVToolBoxDemoTests.xctest */ = {isa = PBXFileReference; explicitFileType = wrapper.cfbundle; includeInIndex = 0; path = YHZAVToolBoxDemoTests.xctest; sourceTree = BUILT_PRODUCTS_DIR; };
		2B5667E1289E641B006F00B0 /* YHZAVToolBoxDemoTests.m */ = {isa = PBXFileReference; lastKnownFileType = sourcecode.c.objc; path = YHZAVToolBoxDemoTests.m; sourceTree = "<group>"; };
		2B5667E7289E641B006F00B0 /* YHZAVToolBoxDemoUITests.xctest */ = {isa = PBXFileReference; explicitFileType = wrapper.cfbundle; includeInIndex = 0; path = YHZAVToolBoxDemoUITests.xctest; sourceTree = BUILT_PRODUCTS_DIR; };
		2B5667EB289E641B006F00B0 /* YHZAVToolBoxDemoUITests.m */ = {isa = PBXFileReference; lastKnownFileType = sourcecode.c.objc; path = YHZAVToolBoxDemoUITests.m; sourceTree = "<group>"; };
		2B5667ED289E641B006F00B0 /* YHZAVToolBoxDemoUITestsLaunchTests.m */ = {isa = PBXFileReference; lastKnownFileType = sourcecode.c.objc; path = YHZAVToolBoxDemoUITestsLaunchTests.m; sourceTree = "<group>"; };
		2B5667FA289E6534006F00B0 /* YHZAVEncoder.h */ = {isa = PBXFileReference; lastKnownFileType = sourcecode.c.h; path = YHZAVEncoder.h; sourceTree = "<group>"; };
		2B5667FB289E6534006F00B0 /* YHZAVEncoder.m */ = {isa = PBXFileReference; lastKnownFileType = sourcecode.c.objc; path = YHZAVEncoder.m; sourceTree = "<group>"; };
		2B5667FE289E6606006F00B0 /* AVFoundation.framework */ = {isa = PBXFileReference; lastKnownFileType = wrapper.framework; name = AVFoundation.framework; path = System/Library/Frameworks/AVFoundation.framework; sourceTree = SDKROOT; };
		2B566800289E6646006F00B0 /* VideoToolbox.framework */ = {isa = PBXFileReference; lastKnownFileType = wrapper.framework; name = VideoToolbox.framework; path = System/Library/Frameworks/VideoToolbox.framework; sourceTree = SDKROOT; };
		2BE6F0B4289FCE9000250392 /* CustomCameraHelper.m */ = {isa = PBXFileReference; fileEncoding = 4; lastKnownFileType = sourcecode.c.objc; path = CustomCameraHelper.m; sourceTree = "<group>"; };
		2BE6F0B6289FCE9000250392 /* CustomCameraFrameRender.h */ = {isa = PBXFileReference; fileEncoding = 4; lastKnownFileType = sourcecode.c.h; path = CustomCameraFrameRender.h; sourceTree = "<group>"; };
		2BE6F0B7289FCE9000250392 /* AVCamPreviewView.h */ = {isa = PBXFileReference; fileEncoding = 4; lastKnownFileType = sourcecode.c.h; path = AVCamPreviewView.h; sourceTree = "<group>"; };
		2BE6F0B8289FCE9000250392 /* CustomCameraFrameRender.m */ = {isa = PBXFileReference; fileEncoding = 4; lastKnownFileType = sourcecode.c.objc; path = CustomCameraFrameRender.m; sourceTree = "<group>"; };
		2BE6F0B9289FCE9000250392 /* AVCamPreviewView.m */ = {isa = PBXFileReference; fileEncoding = 4; lastKnownFileType = sourcecode.c.objc; path = AVCamPreviewView.m; sourceTree = "<group>"; };
		2BE6F0BA289FCE9000250392 /* CustomCameraHelper.h */ = {isa = PBXFileReference; fileEncoding = 4; lastKnownFileType = sourcecode.c.h; path = CustomCameraHelper.h; sourceTree = "<group>"; };
/* End PBXFileReference section */

/* Begin PBXFrameworksBuildPhase section */
		2B5667BF289E6419006F00B0 /* Frameworks */ = {
			isa = PBXFrameworksBuildPhase;
			buildActionMask = 2147483647;
			files = (
				2B566801289E6646006F00B0 /* VideoToolbox.framework in Frameworks */,
				2B5667FF289E6606006F00B0 /* AVFoundation.framework in Frameworks */,
			);
			runOnlyForDeploymentPostprocessing = 0;
		};
		2B5667DA289E641B006F00B0 /* Frameworks */ = {
			isa = PBXFrameworksBuildPhase;
			buildActionMask = 2147483647;
			files = (
			);
			runOnlyForDeploymentPostprocessing = 0;
		};
		2B5667E4289E641B006F00B0 /* Frameworks */ = {
			isa = PBXFrameworksBuildPhase;
			buildActionMask = 2147483647;
			files = (
			);
			runOnlyForDeploymentPostprocessing = 0;
		};
/* End PBXFrameworksBuildPhase section */

/* Begin PBXGroup section */
		2B5667B9289E6419006F00B0 = {
			isa = PBXGroup;
			children = (
				2B5667C4289E6419006F00B0 /* YHZAVToolBoxDemo */,
				2B5667E0289E641B006F00B0 /* YHZAVToolBoxDemoTests */,
				2B5667EA289E641B006F00B0 /* YHZAVToolBoxDemoUITests */,
				2B5667C3289E6419006F00B0 /* Products */,
				2B5667FD289E6606006F00B0 /* Frameworks */,
			);
			sourceTree = "<group>";
		};
		2B5667C3289E6419006F00B0 /* Products */ = {
			isa = PBXGroup;
			children = (
				2B5667C2289E6419006F00B0 /* YHZAVToolBoxDemo.app */,
				2B5667DD289E641B006F00B0 /* YHZAVToolBoxDemoTests.xctest */,
				2B5667E7289E641B006F00B0 /* YHZAVToolBoxDemoUITests.xctest */,
			);
			name = Products;
			sourceTree = "<group>";
		};
		2B5667C4289E6419006F00B0 /* YHZAVToolBoxDemo */ = {
			isa = PBXGroup;
			children = (
				2BE6F0B3289FCE9000250392 /* CameraHelper */,
				2B5667C5289E6419006F00B0 /* AppDelegate.h */,
				2B5667C6289E6419006F00B0 /* AppDelegate.m */,
				2B5667C8289E6419006F00B0 /* SceneDelegate.h */,
				2B5667C9289E6419006F00B0 /* SceneDelegate.m */,
				2B5667CB289E6419006F00B0 /* ViewController.h */,
				2B5667CC289E6419006F00B0 /* ViewController.m */,
				2B5667CE289E6419006F00B0 /* Main.storyboard */,
				2B5667D1289E641B006F00B0 /* Assets.xcassets */,
				2B5667D3289E641B006F00B0 /* LaunchScreen.storyboard */,
				2B5667D6289E641B006F00B0 /* Info.plist */,
				2B5667D7289E641B006F00B0 /* main.m */,
				2B5667FA289E6534006F00B0 /* YHZAVEncoder.h */,
				2B5667FB289E6534006F00B0 /* YHZAVEncoder.m */,
			);
			path = YHZAVToolBoxDemo;
			sourceTree = "<group>";
		};
		2B5667E0289E641B006F00B0 /* YHZAVToolBoxDemoTests */ = {
			isa = PBXGroup;
			children = (
				2B5667E1289E641B006F00B0 /* YHZAVToolBoxDemoTests.m */,
			);
			path = YHZAVToolBoxDemoTests;
			sourceTree = "<group>";
		};
		2B5667EA289E641B006F00B0 /* YHZAVToolBoxDemoUITests */ = {
			isa = PBXGroup;
			children = (
				2B5667EB289E641B006F00B0 /* YHZAVToolBoxDemoUITests.m */,
				2B5667ED289E641B006F00B0 /* YHZAVToolBoxDemoUITestsLaunchTests.m */,
			);
			path = YHZAVToolBoxDemoUITests;
			sourceTree = "<group>";
		};
		2B5667FD289E6606006F00B0 /* Frameworks */ = {
			isa = PBXGroup;
			children = (
				2B566800289E6646006F00B0 /* VideoToolbox.framework */,
				2B5667FE289E6606006F00B0 /* AVFoundation.framework */,
			);
			name = Frameworks;
			sourceTree = "<group>";
		};
		2BE6F0B3289FCE9000250392 /* CameraHelper */ = {
			isa = PBXGroup;
			children = (
				2BE6F0B4289FCE9000250392 /* CustomCameraHelper.m */,
				2BE6F0BA289FCE9000250392 /* CustomCameraHelper.h */,
				2BE6F0B5289FCE9000250392 /* Render */,
			);
			path = CameraHelper;
			sourceTree = "<group>";
		};
		2BE6F0B5289FCE9000250392 /* Render */ = {
			isa = PBXGroup;
			children = (
				2BE6F0B6289FCE9000250392 /* CustomCameraFrameRender.h */,
				2BE6F0B7289FCE9000250392 /* AVCamPreviewView.h */,
				2BE6F0B8289FCE9000250392 /* CustomCameraFrameRender.m */,
				2BE6F0B9289FCE9000250392 /* AVCamPreviewView.m */,
			);
			path = Render;
			sourceTree = "<group>";
		};
/* End PBXGroup section */

/* Begin PBXNativeTarget section */
		2B5667C1289E6419006F00B0 /* YHZAVToolBoxDemo */ = {
			isa = PBXNativeTarget;
			buildConfigurationList = 2B5667F1289E641B006F00B0 /* Build configuration list for PBXNativeTarget "YHZAVToolBoxDemo" */;
			buildPhases = (
				2B5667BE289E6419006F00B0 /* Sources */,
				2B5667BF289E6419006F00B0 /* Frameworks */,
				2B5667C0289E6419006F00B0 /* Resources */,
			);
			buildRules = (
			);
			dependencies = (
			);
			name = YHZAVToolBoxDemo;
			productName = YHZAVToolBoxDemo;
			productReference = 2B5667C2289E6419006F00B0 /* YHZAVToolBoxDemo.app */;
			productType = "com.apple.product-type.application";
		};
		2B5667DC289E641B006F00B0 /* YHZAVToolBoxDemoTests */ = {
			isa = PBXNativeTarget;
			buildConfigurationList = 2B5667F4289E641B006F00B0 /* Build configuration list for PBXNativeTarget "YHZAVToolBoxDemoTests" */;
			buildPhases = (
				2B5667D9289E641B006F00B0 /* Sources */,
				2B5667DA289E641B006F00B0 /* Frameworks */,
				2B5667DB289E641B006F00B0 /* Resources */,
			);
			buildRules = (
			);
			dependencies = (
				2B5667DF289E641B006F00B0 /* PBXTargetDependency */,
			);
			name = YHZAVToolBoxDemoTests;
			productName = YHZAVToolBoxDemoTests;
			productReference = 2B5667DD289E641B006F00B0 /* YHZAVToolBoxDemoTests.xctest */;
			productType = "com.apple.product-type.bundle.unit-test";
		};
		2B5667E6289E641B006F00B0 /* YHZAVToolBoxDemoUITests */ = {
			isa = PBXNativeTarget;
			buildConfigurationList = 2B5667F7289E641B006F00B0 /* Build configuration list for PBXNativeTarget "YHZAVToolBoxDemoUITests" */;
			buildPhases = (
				2B5667E3289E641B006F00B0 /* Sources */,
				2B5667E4289E641B006F00B0 /* Frameworks */,
				2B5667E5289E641B006F00B0 /* Resources */,
			);
			buildRules = (
			);
			dependencies = (
				2B5667E9289E641B006F00B0 /* PBXTargetDependency */,
			);
			name = YHZAVToolBoxDemoUITests;
			productName = YHZAVToolBoxDemoUITests;
			productReference = 2B5667E7289E641B006F00B0 /* YHZAVToolBoxDemoUITests.xctest */;
			productType = "com.apple.product-type.bundle.ui-testing";
		};
/* End PBXNativeTarget section */

/* Begin PBXProject section */
		2B5667BA289E6419006F00B0 /* Project object */ = {
			isa = PBXProject;
			attributes = {
				BuildIndependentTargetsInParallel = 1;
				LastUpgradeCheck = 1340;
				TargetAttributes = {
					2B5667C1289E6419006F00B0 = {
						CreatedOnToolsVersion = 13.4.1;
					};
					2B5667DC289E641B006F00B0 = {
						CreatedOnToolsVersion = 13.4.1;
						TestTargetID = 2B5667C1289E6419006F00B0;
					};
					2B5667E6289E641B006F00B0 = {
						CreatedOnToolsVersion = 13.4.1;
						TestTargetID = 2B5667C1289E6419006F00B0;
					};
				};
			};
			buildConfigurationList = 2B5667BD289E6419006F00B0 /* Build configuration list for PBXProject "YHZAVToolBoxDemo" */;
			compatibilityVersion = "Xcode 13.0";
			developmentRegion = en;
			hasScannedForEncodings = 0;
			knownRegions = (
				en,
				Base,
			);
			mainGroup = 2B5667B9289E6419006F00B0;
			productRefGroup = 2B5667C3289E6419006F00B0 /* Products */;
			projectDirPath = "";
			projectRoot = "";
			targets = (
				2B5667C1289E6419006F00B0 /* YHZAVToolBoxDemo */,
				2B5667DC289E641B006F00B0 /* YHZAVToolBoxDemoTests */,
				2B5667E6289E641B006F00B0 /* YHZAVToolBoxDemoUITests */,
			);
		};
/* End PBXProject section */

/* Begin PBXResourcesBuildPhase section */
		2B5667C0289E6419006F00B0 /* Resources */ = {
			isa = PBXResourcesBuildPhase;
			buildActionMask = 2147483647;
			files = (
				2B5667D5289E641B006F00B0 /* LaunchScreen.storyboard in Resources */,
				2B5667D2289E641B006F00B0 /* Assets.xcassets in Resources */,
				2B5667D0289E6419006F00B0 /* Main.storyboard in Resources */,
			);
			runOnlyForDeploymentPostprocessing = 0;
		};
		2B5667DB289E641B006F00B0 /* Resources */ = {
			isa = PBXResourcesBuildPhase;
			buildActionMask = 2147483647;
			files = (
			);
			runOnlyForDeploymentPostprocessing = 0;
		};
		2B5667E5289E641B006F00B0 /* Resources */ = {
			isa = PBXResourcesBuildPhase;
			buildActionMask = 2147483647;
			files = (
			);
			runOnlyForDeploymentPostprocessing = 0;
		};
/* End PBXResourcesBuildPhase section */

/* Begin PBXSourcesBuildPhase section */
		2B5667BE289E6419006F00B0 /* Sources */ = {
			isa = PBXSourcesBuildPhase;
			buildActionMask = 2147483647;
			files = (
				2B5667CD289E6419006F00B0 /* ViewController.m in Sources */,
				2BE6F0BC289FCE9000250392 /* CustomCameraFrameRender.m in Sources */,
				2BE6F0BD289FCE9000250392 /* AVCamPreviewView.m in Sources */,
				2B5667C7289E6419006F00B0 /* AppDelegate.m in Sources */,
				2B5667D8289E641B006F00B0 /* main.m in Sources */,
				2B5667CA289E6419006F00B0 /* SceneDelegate.m in Sources */,
				2B5667FC289E6534006F00B0 /* YHZAVEncoder.m in Sources */,
				2BE6F0BB289FCE9000250392 /* CustomCameraHelper.m in Sources */,
			);
			runOnlyForDeploymentPostprocessing = 0;
		};
		2B5667D9289E641B006F00B0 /* Sources */ = {
			isa = PBXSourcesBuildPhase;
			buildActionMask = 2147483647;
			files = (
				2B5667E2289E641B006F00B0 /* YHZAVToolBoxDemoTests.m in Sources */,
			);
			runOnlyForDeploymentPostprocessing = 0;
		};
		2B5667E3289E641B006F00B0 /* Sources */ = {
			isa = PBXSourcesBuildPhase;
			buildActionMask = 2147483647;
			files = (
				2B5667EE289E641B006F00B0 /* YHZAVToolBoxDemoUITestsLaunchTests.m in Sources */,
				2B5667EC289E641B006F00B0 /* YHZAVToolBoxDemoUITests.m in Sources */,
			);
			runOnlyForDeploymentPostprocessing = 0;
		};
/* End PBXSourcesBuildPhase section */

/* Begin PBXTargetDependency section */
		2B5667DF289E641B006F00B0 /* PBXTargetDependency */ = {
			isa = PBXTargetDependency;
			target = 2B5667C1289E6419006F00B0 /* YHZAVToolBoxDemo */;
			targetProxy = 2B5667DE289E641B006F00B0 /* PBXContainerItemProxy */;
		};
		2B5667E9289E641B006F00B0 /* PBXTargetDependency */ = {
			isa = PBXTargetDependency;
			target = 2B5667C1289E6419006F00B0 /* YHZAVToolBoxDemo */;
			targetProxy = 2B5667E8289E641B006F00B0 /* PBXContainerItemProxy */;
		};
/* End PBXTargetDependency section */

/* Begin PBXVariantGroup section */
		2B5667CE289E6419006F00B0 /* Main.storyboard */ = {
			isa = PBXVariantGroup;
			children = (
				2B5667CF289E6419006F00B0 /* Base */,
			);
			name = Main.storyboard;
			sourceTree = "<group>";
		};
		2B5667D3289E641B006F00B0 /* LaunchScreen.storyboard */ = {
			isa = PBXVariantGroup;
			children = (
				2B5667D4289E641B006F00B0 /* Base */,
			);
			name = LaunchScreen.storyboard;
			sourceTree = "<group>";
		};
/* End PBXVariantGroup section */

/* Begin XCBuildConfiguration section */
		2B5667EF289E641B006F00B0 /* Debug */ = {
			isa = XCBuildConfiguration;
			buildSettings = {
				ALWAYS_SEARCH_USER_PATHS = NO;
				CLANG_ANALYZER_NONNULL = YES;
				CLANG_ANALYZER_NUMBER_OBJECT_CONVERSION = YES_AGGRESSIVE;
				CLANG_CXX_LANGUAGE_STANDARD = "gnu++17";
				CLANG_ENABLE_MODULES = YES;
				CLANG_ENABLE_OBJC_ARC = YES;
				CLANG_ENABLE_OBJC_WEAK = YES;
				CLANG_WARN_BLOCK_CAPTURE_AUTORELEASING = YES;
				CLANG_WARN_BOOL_CONVERSION = YES;
				CLANG_WARN_COMMA = YES;
				CLANG_WARN_CONSTANT_CONVERSION = YES;
				CLANG_WARN_DEPRECATED_OBJC_IMPLEMENTATIONS = YES;
				CLANG_WARN_DIRECT_OBJC_ISA_USAGE = YES_ERROR;
				CLANG_WARN_DOCUMENTATION_COMMENTS = YES;
				CLANG_WARN_EMPTY_BODY = YES;
				CLANG_WARN_ENUM_CONVERSION = YES;
				CLANG_WARN_INFINITE_RECURSION = YES;
				CLANG_WARN_INT_CONVERSION = YES;
				CLANG_WARN_NON_LITERAL_NULL_CONVERSION = YES;
				CLANG_WARN_OBJC_IMPLICIT_RETAIN_SELF = YES;
				CLANG_WARN_OBJC_LITERAL_CONVERSION = YES;
				CLANG_WARN_OBJC_ROOT_CLASS = YES_ERROR;
				CLANG_WARN_QUOTED_INCLUDE_IN_FRAMEWORK_HEADER = YES;
				CLANG_WARN_RANGE_LOOP_ANALYSIS = YES;
				CLANG_WARN_STRICT_PROTOTYPES = YES;
				CLANG_WARN_SUSPICIOUS_MOVE = YES;
				CLANG_WARN_UNGUARDED_AVAILABILITY = YES_AGGRESSIVE;
				CLANG_WARN_UNREACHABLE_CODE = YES;
				CLANG_WARN__DUPLICATE_METHOD_MATCH = YES;
				COPY_PHASE_STRIP = NO;
				DEBUG_INFORMATION_FORMAT = dwarf;
				ENABLE_STRICT_OBJC_MSGSEND = YES;
				ENABLE_TESTABILITY = YES;
				GCC_C_LANGUAGE_STANDARD = gnu11;
				GCC_DYNAMIC_NO_PIC = NO;
				GCC_NO_COMMON_BLOCKS = YES;
				GCC_OPTIMIZATION_LEVEL = 0;
				GCC_PREPROCESSOR_DEFINITIONS = (
					"DEBUG=1",
					"$(inherited)",
				);
				GCC_WARN_64_TO_32_BIT_CONVERSION = YES;
				GCC_WARN_ABOUT_RETURN_TYPE = YES_ERROR;
				GCC_WARN_UNDECLARED_SELECTOR = YES;
				GCC_WARN_UNINITIALIZED_AUTOS = YES_AGGRESSIVE;
				GCC_WARN_UNUSED_FUNCTION = YES;
				GCC_WARN_UNUSED_VARIABLE = YES;
				IPHONEOS_DEPLOYMENT_TARGET = 15.5;
				MTL_ENABLE_DEBUG_INFO = INCLUDE_SOURCE;
				MTL_FAST_MATH = YES;
				ONLY_ACTIVE_ARCH = YES;
				SDKROOT = iphoneos;
			};
			name = Debug;
		};
		2B5667F0289E641B006F00B0 /* Release */ = {
			isa = XCBuildConfiguration;
			buildSettings = {
				ALWAYS_SEARCH_USER_PATHS = NO;
				CLANG_ANALYZER_NONNULL = YES;
				CLANG_ANALYZER_NUMBER_OBJECT_CONVERSION = YES_AGGRESSIVE;
				CLANG_CXX_LANGUAGE_STANDARD = "gnu++17";
				CLANG_ENABLE_MODULES = YES;
				CLANG_ENABLE_OBJC_ARC = YES;
				CLANG_ENABLE_OBJC_WEAK = YES;
				CLANG_WARN_BLOCK_CAPTURE_AUTORELEASING = YES;
				CLANG_WARN_BOOL_CONVERSION = YES;
				CLANG_WARN_COMMA = YES;
				CLANG_WARN_CONSTANT_CONVERSION = YES;
				CLANG_WARN_DEPRECATED_OBJC_IMPLEMENTATIONS = YES;
				CLANG_WARN_DIRECT_OBJC_ISA_USAGE = YES_ERROR;
				CLANG_WARN_DOCUMENTATION_COMMENTS = YES;
				CLANG_WARN_EMPTY_BODY = YES;
				CLANG_WARN_ENUM_CONVERSION = YES;
				CLANG_WARN_INFINITE_RECURSION = YES;
				CLANG_WARN_INT_CONVERSION = YES;
				CLANG_WARN_NON_LITERAL_NULL_CONVERSION = YES;
				CLANG_WARN_OBJC_IMPLICIT_RETAIN_SELF = YES;
				CLANG_WARN_OBJC_LITERAL_CONVERSION = YES;
				CLANG_WARN_OBJC_ROOT_CLASS = YES_ERROR;
				CLANG_WARN_QUOTED_INCLUDE_IN_FRAMEWORK_HEADER = YES;
				CLANG_WARN_RANGE_LOOP_ANALYSIS = YES;
				CLANG_WARN_STRICT_PROTOTYPES = YES;
				CLANG_WARN_SUSPICIOUS_MOVE = YES;
				CLANG_WARN_UNGUARDED_AVAILABILITY = YES_AGGRESSIVE;
				CLANG_WARN_UNREACHABLE_CODE = YES;
				CLANG_WARN__DUPLICATE_METHOD_MATCH = YES;
				COPY_PHASE_STRIP = NO;
				DEBUG_INFORMATION_FORMAT = "dwarf-with-dsym";
				ENABLE_NS_ASSERTIONS = NO;
				ENABLE_STRICT_OBJC_MSGSEND = YES;
				GCC_C_LANGUAGE_STANDARD = gnu11;
				GCC_NO_COMMON_BLOCKS = YES;
				GCC_WARN_64_TO_32_BIT_CONVERSION = YES;
				GCC_WARN_ABOUT_RETURN_TYPE = YES_ERROR;
				GCC_WARN_UNDECLARED_SELECTOR = YES;
				GCC_WARN_UNINITIALIZED_AUTOS = YES_AGGRESSIVE;
				GCC_WARN_UNUSED_FUNCTION = YES;
				GCC_WARN_UNUSED_VARIABLE = YES;
				IPHONEOS_DEPLOYMENT_TARGET = 15.5;
				MTL_ENABLE_DEBUG_INFO = NO;
				MTL_FAST_MATH = YES;
				SDKROOT = iphoneos;
				VALIDATE_PRODUCT = YES;
			};
			name = Release;
		};
		2B5667F2289E641B006F00B0 /* Debug */ = {
			isa = XCBuildConfiguration;
			buildSettings = {
				ASSETCATALOG_COMPILER_APPICON_NAME = AppIcon;
				ASSETCATALOG_COMPILER_GLOBAL_ACCENT_COLOR_NAME = AccentColor;
				CODE_SIGN_STYLE = Automatic;
				CURRENT_PROJECT_VERSION = 1;
				DEVELOPMENT_TEAM = UHDRCXNB5K;
				GENERATE_INFOPLIST_FILE = YES;
				INFOPLIST_FILE = YHZAVToolBoxDemo/Info.plist;
				INFOPLIST_KEY_UIApplicationSupportsIndirectInputEvents = YES;
				INFOPLIST_KEY_UILaunchStoryboardName = LaunchScreen;
				INFOPLIST_KEY_UIMainStoryboardFile = Main;
				INFOPLIST_KEY_UISupportedInterfaceOrientations_iPad = "UIInterfaceOrientationPortrait UIInterfaceOrientationPortraitUpsideDown UIInterfaceOrientationLandscapeLeft UIInterfaceOrientationLandscapeRight";
				INFOPLIST_KEY_UISupportedInterfaceOrientations_iPhone = "UIInterfaceOrientationPortrait UIInterfaceOrientationLandscapeLeft UIInterfaceOrientationLandscapeRight";
				LD_RUNPATH_SEARCH_PATHS = (
					"$(inherited)",
					"@executable_path/Frameworks",
				);
				MARKETING_VERSION = 1.0;
				PRODUCT_BUNDLE_IDENTIFIER = com.gbl.YHZAVToolBoxDemo;
				PRODUCT_NAME = "$(TARGET_NAME)";
				SWIFT_EMIT_LOC_STRINGS = YES;
				TARGETED_DEVICE_FAMILY = "1,2";
			};
			name = Debug;
		};
		2B5667F3289E641B006F00B0 /* Release */ = {
			isa = XCBuildConfiguration;
			buildSettings = {
				ASSETCATALOG_COMPILER_APPICON_NAME = AppIcon;
				ASSETCATALOG_COMPILER_GLOBAL_ACCENT_COLOR_NAME = AccentColor;
				CODE_SIGN_STYLE = Automatic;
				CURRENT_PROJECT_VERSION = 1;
				DEVELOPMENT_TEAM = UHDRCXNB5K;
				GENERATE_INFOPLIST_FILE = YES;
				INFOPLIST_FILE = YHZAVToolBoxDemo/Info.plist;
				INFOPLIST_KEY_UIApplicationSupportsIndirectInputEvents = YES;
				INFOPLIST_KEY_UILaunchStoryboardName = LaunchScreen;
				INFOPLIST_KEY_UIMainStoryboardFile = Main;
				INFOPLIST_KEY_UISupportedInterfaceOrientations_iPad = "UIInterfaceOrientationPortrait UIInterfaceOrientationPortraitUpsideDown UIInterfaceOrientationLandscapeLeft UIInterfaceOrientationLandscapeRight";
				INFOPLIST_KEY_UISupportedInterfaceOrientations_iPhone = "UIInterfaceOrientationPortrait UIInterfaceOrientationLandscapeLeft UIInterfaceOrientationLandscapeRight";
				LD_RUNPATH_SEARCH_PATHS = (
					"$(inherited)",
					"@executable_path/Frameworks",
				);
				MARKETING_VERSION = 1.0;
				PRODUCT_BUNDLE_IDENTIFIER = com.gbl.YHZAVToolBoxDemo;
				PRODUCT_NAME = "$(TARGET_NAME)";
				SWIFT_EMIT_LOC_STRINGS = YES;
				TARGETED_DEVICE_FAMILY = "1,2";
			};
			name = Release;
		};
		2B5667F5289E641B006F00B0 /* Debug */ = {
			isa = XCBuildConfiguration;
			buildSettings = {
				BUNDLE_LOADER = "$(TEST_HOST)";
				CODE_SIGN_STYLE = Automatic;
				CURRENT_PROJECT_VERSION = 1;
				DEVELOPMENT_TEAM = UHDRCXNB5K;
				GENERATE_INFOPLIST_FILE = YES;
				IPHONEOS_DEPLOYMENT_TARGET = 15.5;
				MARKETING_VERSION = 1.0;
				PRODUCT_BUNDLE_IDENTIFIER = com.gbl.YHZAVToolBoxDemoTests;
				PRODUCT_NAME = "$(TARGET_NAME)";
				SWIFT_EMIT_LOC_STRINGS = NO;
				TARGETED_DEVICE_FAMILY = "1,2";
				TEST_HOST = "$(BUILT_PRODUCTS_DIR)/YHZAVToolBoxDemo.app/YHZAVToolBoxDemo";
			};
			name = Debug;
		};
		2B5667F6289E641B006F00B0 /* Release */ = {
			isa = XCBuildConfiguration;
			buildSettings = {
				BUNDLE_LOADER = "$(TEST_HOST)";
				CODE_SIGN_STYLE = Automatic;
				CURRENT_PROJECT_VERSION = 1;
				DEVELOPMENT_TEAM = UHDRCXNB5K;
				GENERATE_INFOPLIST_FILE = YES;
				IPHONEOS_DEPLOYMENT_TARGET = 15.5;
				MARKETING_VERSION = 1.0;
				PRODUCT_BUNDLE_IDENTIFIER = com.gbl.YHZAVToolBoxDemoTests;
				PRODUCT_NAME = "$(TARGET_NAME)";
				SWIFT_EMIT_LOC_STRINGS = NO;
				TARGETED_DEVICE_FAMILY = "1,2";
				TEST_HOST = "$(BUILT_PRODUCTS_DIR)/YHZAVToolBoxDemo.app/YHZAVToolBoxDemo";
			};
			name = Release;
		};
		2B5667F8289E641B006F00B0 /* Debug */ = {
			isa = XCBuildConfiguration;
			buildSettings = {
				CODE_SIGN_STYLE = Automatic;
				CURRENT_PROJECT_VERSION = 1;
				DEVELOPMENT_TEAM = UHDRCXNB5K;
				GENERATE_INFOPLIST_FILE = YES;
				MARKETING_VERSION = 1.0;
				PRODUCT_BUNDLE_IDENTIFIER = com.gbl.YHZAVToolBoxDemoUITests;
				PRODUCT_NAME = "$(TARGET_NAME)";
				SWIFT_EMIT_LOC_STRINGS = NO;
				TARGETED_DEVICE_FAMILY = "1,2";
				TEST_TARGET_NAME = YHZAVToolBoxDemo;
			};
			name = Debug;
		};
		2B5667F9289E641B006F00B0 /* Release */ = {
			isa = XCBuildConfiguration;
			buildSettings = {
				CODE_SIGN_STYLE = Automatic;
				CURRENT_PROJECT_VERSION = 1;
				DEVELOPMENT_TEAM = UHDRCXNB5K;
				GENERATE_INFOPLIST_FILE = YES;
				MARKETING_VERSION = 1.0;
				PRODUCT_BUNDLE_IDENTIFIER = com.gbl.YHZAVToolBoxDemoUITests;
				PRODUCT_NAME = "$(TARGET_NAME)";
				SWIFT_EMIT_LOC_STRINGS = NO;
				TARGETED_DEVICE_FAMILY = "1,2";
				TEST_TARGET_NAME = YHZAVToolBoxDemo;
			};
			name = Release;
		};
/* End XCBuildConfiguration section */

/* Begin XCConfigurationList section */
		2B5667BD289E6419006F00B0 /* Build configuration list for PBXProject "YHZAVToolBoxDemo" */ = {
			isa = XCConfigurationList;
			buildConfigurations = (
				2B5667EF289E641B006F00B0 /* Debug */,
				2B5667F0289E641B006F00B0 /* Release */,
			);
			defaultConfigurationIsVisible = 0;
			defaultConfigurationName = Release;
		};
		2B5667F1289E641B006F00B0 /* Build configuration list for PBXNativeTarget "YHZAVToolBoxDemo" */ = {
			isa = XCConfigurationList;
			buildConfigurations = (
				2B5667F2289E641B006F00B0 /* Debug */,
				2B5667F3289E641B006F00B0 /* Release */,
			);
			defaultConfigurationIsVisible = 0;
			defaultConfigurationName = Release;
		};
		2B5667F4289E641B006F00B0 /* Build configuration list for PBXNativeTarget "YHZAVToolBoxDemoTests" */ = {
			isa = XCConfigurationList;
			buildConfigurations = (
				2B5667F5289E641B006F00B0 /* Debug */,
				2B5667F6289E641B006F00B0 /* Release */,
			);
			defaultConfigurationIsVisible = 0;
			defaultConfigurationName = Release;
		};
		2B5667F7289E641B006F00B0 /* Build configuration list for PBXNativeTarget "YHZAVToolBoxDemoUITests" */ = {
			isa = XCConfigurationList;
			buildConfigurations = (
				2B5667F8289E641B006F00B0 /* Debug */,
				2B5667F9289E641B006F00B0 /* Release */,
			);
			defaultConfigurationIsVisible = 0;
			defaultConfigurationName = Release;
		};
/* End XCConfigurationList section */
	};
	rootObject = 2B5667BA289E6419006F00B0 /* Project object */;
}
